lockfileVersion: '6.0'

settings:
  autoInstallPeers: true
  excludeLinksFromLockfile: false

dependencies:
  usb:
    specifier: ^2.11.0
    version: 2.11.0

packages:

  /@types/w3c-web-usb@1.0.10:
    resolution: {integrity: sha512-CHgUI5kTc/QLMP8hODUHhge0D4vx+9UiAwIGiT0sTy/B2XpdX1U5rJt6JSISgr6ikRT7vxV9EVAFeYZqUnl1gQ==}
    dev: false

  /node-addon-api@7.0.0:
    resolution: {integrity: sha512-vgbBJTS4m5/KkE16t5Ly0WW9hz46swAstv0hYYwMtbG7AznRhNyfLRe8HZAiWIpcHzoO7HxhLuBQj9rJ/Ho0ZA==}
    dev: false

  /node-gyp-build@4.7.1:
    resolution: {integrity: sha512-wTSrZ+8lsRRa3I3H8Xr65dLWSgCvY2l4AOnaeKdPA9TB/WYMPaTcrzf3rXvFoVvjKNVnu0CcWSx54qq9GKRUYg==}
    hasBin: true
    dev: false

  /usb@2.11.0:
    resolution: {integrity: sha512-u5+NZ6DtoW8TIBtuSArQGAZZ/K15i3lYvZBAYmcgI+RcDS9G50/KPrUd3CrU8M92ahyCvg5e0gc8BDvr5Hwejg==}
    engines: {node: '>=12.22.0 <13.0 || >=14.17.0'}
    requiresBuild: true
    dependencies:
      '@types/w3c-web-usb': 1.0.10
      node-addon-api: 7.0.0
      node-gyp-build: 4.7.1
    dev: false
